
Microsoft Visual Studio Solution File, Format Version 12.00
# Visual Studio Version 17
VisualStudioVersion = 17.1.32210.238
MinimumVisualStudioVersion = 10.0.40219.1
Project("{FAE04EC0-301F-11D3-BF4B-00C04F79EFBC}") = "LeetCode", "LeetCode\LeetCode.csproj", "{F6F4265A-B148-4051-BB82-D66AA6FEF094}"
EndProject
Global
	GlobalSection(SolutionConfigurationPlatforms) = preSolution
		Debug|Any CPU = Debug|Any CPU
		Release|Any CPU = Release|Any CPU
	EndGlobalSection
	GlobalSection(ProjectConfigurationPlatforms) = postSolution
		{F6F4265A-B148-4051-BB82-D66AA6FEF094}.Debug|Any CPU.ActiveCfg = Debug|Any CPU
		{F6F4265A-B148-4051-BB82-D66AA6FEF094}.Debug|Any CPU.Build.0 = Debug|Any CPU
		{F6F4265A-B148-4051-BB82-D66AA6FEF094}.Release|Any CPU.ActiveCfg = Release|Any CPU
		{F6F4265A-B148-4051-BB82-D66AA6FEF094}.Release|Any CPU.Build.0 = Release|Any CPU
	EndGlobalSection
	GlobalSection(SolutionProperties) = preSolution
		HideSolutionNode = FALSE
	EndGlobalSection
	GlobalSection(ExtensibilityGlobals) = postSolution
		SolutionGuid = {7925519A-53D4-42CC-805B-7A1859515D56}
	EndGlobalSection
EndGlobal
